
Microsoft Visual Studio Solution File, Format Version 12.00
# Visual Studio Version 17
VisualStudioVersion = 17.13.35931.197
MinimumVisualStudioVersion = 10.0.40219.1
Project("{FAE04EC0-301F-11D3-BF4B-00C04F79EFBC}") = "Prizm.RePack", "Prizm.RePack\Prizm.RePack.csproj", "{7F5F865C-861B-45AB-B280-4A7D55CAC406}"
EndProject
Global
	GlobalSection(SolutionConfigurationPlatforms) = preSolution
		Debug|Any CPU = Debug|Any CPU
		Release|Any CPU = Release|Any CPU
	EndGlobalSection
	GlobalSection(ProjectConfigurationPlatforms) = postSolution
		{7F5F865C-861B-45AB-B280-4A7D55CAC406}.Debug|Any CPU.ActiveCfg = Debug|Any CPU
		{7F5F865C-861B-45AB-B280-4A7D55CAC406}.Debug|Any CPU.Build.0 = Debug|Any CPU
		{7F5F865C-861B-45AB-B280-4A7D55CAC406}.Release|Any CPU.ActiveCfg = Release|Any CPU
		{7F5F865C-861B-45AB-B280-4A7D55CAC406}.Release|Any CPU.Build.0 = Release|Any CPU
	EndGlobalSection
	GlobalSection(SolutionProperties) = preSolution
		HideSolutionNode = FALSE
	EndGlobalSection
	GlobalSection(ExtensibilityGlobals) = postSolution
		SolutionGuid = {AF97AF88-427F-4073-BC8E-7EEABBFBF1D1}
	EndGlobalSection
EndGlobal
